
Microsoft Visual Studio Solution File, Format Version 12.00
# Visual Studio 15
VisualStudioVersion = 15.0.27703.2018
MinimumVisualStudioVersion = 10.0.40219.1
Project("{9A19103F-16F7-4668-BE54-9A1E7A4F7556}") = "NCS.DSS.Transfer", "NCS.DSS.Transfer\NCS.DSS.Transfer.csproj", "{B54F1503-A441-4AFD-B329-985EB5A5AB94}"
EndProject
Project("{FAE04EC0-301F-11D3-BF4B-00C04F79EFBC}") = "NCS.DSS.Transfer.Tests", "NCS.DSS.Transfer.Tests\NCS.DSS.Transfer.Tests.csproj", "{2946B627-CA93-4A74-81A3-087DC3E8EFAD}"
EndProject
Global
	GlobalSection(SolutionConfigurationPlatforms) = preSolution
		Debug|Any CPU = Debug|Any CPU
		Release|Any CPU = Release|Any CPU
	EndGlobalSection
	GlobalSection(ProjectConfigurationPlatforms) = postSolution
		{B54F1503-A441-4AFD-B329-985EB5A5AB94}.Debug|Any CPU.ActiveCfg = Debug|Any CPU
		{B54F1503-A441-4AFD-B329-985EB5A5AB94}.Debug|Any CPU.Build.0 = Debug|Any CPU
		{B54F1503-A441-4AFD-B329-985EB5A5AB94}.Release|Any CPU.ActiveCfg = Release|Any CPU
		{B54F1503-A441-4AFD-B329-985EB5A5AB94}.Release|Any CPU.Build.0 = Release|Any CPU
		{2946B627-CA93-4A74-81A3-087DC3E8EFAD}.Debug|Any CPU.ActiveCfg = Debug|Any CPU
		{2946B627-CA93-4A74-81A3-087DC3E8EFAD}.Debug|Any CPU.Build.0 = Debug|Any CPU
		{2946B627-CA93-4A74-81A3-087DC3E8EFAD}.Release|Any CPU.ActiveCfg = Release|Any CPU
		{2946B627-CA93-4A74-81A3-087DC3E8EFAD}.Release|Any CPU.Build.0 = Release|Any CPU
	EndGlobalSection
	GlobalSection(SolutionProperties) = preSolution
		HideSolutionNode = FALSE
	EndGlobalSection
	GlobalSection(ExtensibilityGlobals) = postSolution
		SolutionGuid = {9B96C687-28E1-4D09-829C-46771336A427}
	EndGlobalSection
EndGlobal
